// !$*UTF8*$!
{
	archiveVersion = 1;
	classes = {
	};
	objectVersion = 56;
	objects = {

/* Begin PBXBuildFile section */
		993F7C472A10A01900FE8045 /* SQLite in Frameworks */ = {isa = PBXBuildFile; productRef = 993F7C462A10A01900FE8045 /* SQLite */; };
		993F7C492A10B10A00FE8045 /* Database.swift in Sources */ = {isa = PBXBuildFile; fileRef = 993F7C482A10B10900FE8045 /* Database.swift */; };
		995454AE2A0D202300210C0B /* CreateViewController.swift in Sources */ = {isa = PBXBuildFile; fileRef = 995454AC2A0D202300210C0B /* CreateViewController.swift */; };
		995454AF2A0D202300210C0B /* CreateViewController.xib in Resources */ = {isa = PBXBuildFile; fileRef = 995454AD2A0D202300210C0B /* CreateViewController.xib */; };
		9965BD9D2A075355005D3BCF /* AppDelegate.swift in Sources */ = {isa = PBXBuildFile; fileRef = 9965BD9C2A075355005D3BCF /* AppDelegate.swift */; };
		9965BD9F2A075355005D3BCF /* SceneDelegate.swift in Sources */ = {isa = PBXBuildFile; fileRef = 9965BD9E2A075355005D3BCF /* SceneDelegate.swift */; };
		9965BDA12A075355005D3BCF /* ViewController.swift in Sources */ = {isa = PBXBuildFile; fileRef = 9965BDA02A075355005D3BCF /* ViewController.swift */; };
		9965BDA42A075355005D3BCF /* Main.storyboard in Resources */ = {isa = PBXBuildFile; fileRef = 9965BDA22A075355005D3BCF /* Main.storyboard */; };
		9965BDA62A07535B005D3BCF /* Assets.xcassets in Resources */ = {isa = PBXBuildFile; fileRef = 9965BDA52A07535B005D3BCF /* Assets.xcassets */; };
		9965BDA92A07535B005D3BCF /* LaunchScreen.storyboard in Resources */ = {isa = PBXBuildFile; fileRef = 9965BDA72A07535B005D3BCF /* LaunchScreen.storyboard */; };
		9965BDB42A07535B005D3BCF /* memodefTests.swift in Sources */ = {isa = PBXBuildFile; fileRef = 9965BDB32A07535B005D3BCF /* memodefTests.swift */; };
		9965BDBE2A07535B005D3BCF /* memodefUITests.swift in Sources */ = {isa = PBXBuildFile; fileRef = 9965BDBD2A07535B005D3BCF /* memodefUITests.swift */; };
		9965BDC02A07535B005D3BCF /* memodefUITestsLaunchTests.swift in Sources */ = {isa = PBXBuildFile; fileRef = 9965BDBF2A07535B005D3BCF /* memodefUITestsLaunchTests.swift */; };
		9965BDCE2A0756F7005D3BCF /* HomeViewController.swift in Sources */ = {isa = PBXBuildFile; fileRef = 9965BDCC2A0756F7005D3BCF /* HomeViewController.swift */; };
		9965BDCF2A0756F7005D3BCF /* HomeViewController.xib in Resources */ = {isa = PBXBuildFile; fileRef = 9965BDCD2A0756F7005D3BCF /* HomeViewController.xib */; };
		9965BDD22A07576B005D3BCF /* HomeTableViewCell.swift in Sources */ = {isa = PBXBuildFile; fileRef = 9965BDD02A07576B005D3BCF /* HomeTableViewCell.swift */; };
		9965BDD32A07576B005D3BCF /* HomeTableViewCell.xib in Resources */ = {isa = PBXBuildFile; fileRef = 9965BDD12A07576B005D3BCF /* HomeTableViewCell.xib */; };
		9965BDD62A07801F005D3BCF /* SearchViewController.swift in Sources */ = {isa = PBXBuildFile; fileRef = 9965BDD42A07801F005D3BCF /* SearchViewController.swift */; };
		9965BDD72A07801F005D3BCF /* SearchViewController.xib in Resources */ = {isa = PBXBuildFile; fileRef = 9965BDD52A07801F005D3BCF /* SearchViewController.xib */; };
		9965BDDE2A078095005D3BCF /* SearchCollectionViewCell.swift in Sources */ = {isa = PBXBuildFile; fileRef = 9965BDDC2A078095005D3BCF /* SearchCollectionViewCell.swift */; };
		9965BDDF2A078095005D3BCF /* SearchCollectionViewCell.xib in Resources */ = {isa = PBXBuildFile; fileRef = 9965BDDD2A078095005D3BCF /* SearchCollectionViewCell.xib */; };
		9965BDE22A07986A005D3BCF /* ConditionViewController.swift in Sources */ = {isa = PBXBuildFile; fileRef = 9965BDE02A07986A005D3BCF /* ConditionViewController.swift */; };
		9965BDE32A07986A005D3BCF /* ConditionViewController.xib in Resources */ = {isa = PBXBuildFile; fileRef = 9965BDE12A07986A005D3BCF /* ConditionViewController.xib */; };
/* End PBXBuildFile section */

/* Begin PBXContainerItemProxy section */
		9965BDB02A07535B005D3BCF /* PBXContainerItemProxy */ = {
			isa = PBXContainerItemProxy;
			containerPortal = 9965BD912A075355005D3BCF /* Project object */;
			proxyType = 1;
			remoteGlobalIDString = 9965BD982A075355005D3BCF;
			remoteInfo = memodef;
		};
		9965BDBA2A07535B005D3BCF /* PBXContainerItemProxy */ = {
			isa = PBXContainerItemProxy;
			containerPortal = 9965BD912A075355005D3BCF /* Project object */;
			proxyType = 1;
			remoteGlobalIDString = 9965BD982A075355005D3BCF;
			remoteInfo = memodef;
		};
/* End PBXContainerItemProxy section */

/* Begin PBXFileReference section */
		993F7C482A10B10900FE8045 /* Database.swift */ = {isa = PBXFileReference; lastKnownFileType = sourcecode.swift; path = Database.swift; sourceTree = "<group>"; };
		995454AC2A0D202300210C0B /* CreateViewController.swift */ = {isa = PBXFileReference; lastKnownFileType = sourcecode.swift; path = CreateViewController.swift; sourceTree = "<group>"; };
		995454AD2A0D202300210C0B /* CreateViewController.xib */ = {isa = PBXFileReference; lastKnownFileType = file.xib; path = CreateViewController.xib; sourceTree = "<group>"; };
		9965BD992A075355005D3BCF /* memodef.app */ = {isa = PBXFileReference; explicitFileType = wrapper.application; includeInIndex = 0; path = memodef.app; sourceTree = BUILT_PRODUCTS_DIR; };
		9965BD9C2A075355005D3BCF /* AppDelegate.swift */ = {isa = PBXFileReference; lastKnownFileType = sourcecode.swift; path = AppDelegate.swift; sourceTree = "<group>"; };
		9965BD9E2A075355005D3BCF /* SceneDelegate.swift */ = {isa = PBXFileReference; lastKnownFileType = sourcecode.swift; path = SceneDelegate.swift; sourceTree = "<group>"; };
		9965BDA02A075355005D3BCF /* ViewController.swift */ = {isa = PBXFileReference; lastKnownFileType = sourcecode.swift; path = ViewController.swift; sourceTree = "<group>"; };
		9965BDA32A075355005D3BCF /* Base */ = {isa = PBXFileReference; lastKnownFileType = file.storyboard; name = Base; path = Base.lproj/Main.storyboard; sourceTree = "<group>"; };
		9965BDA52A07535B005D3BCF /* Assets.xcassets */ = {isa = PBXFileReference; lastKnownFileType = folder.assetcatalog; path = Assets.xcassets; sourceTree = "<group>"; };
		9965BDA82A07535B005D3BCF /* Base */ = {isa = PBXFileReference; lastKnownFileType = file.storyboard; name = Base; path = Base.lproj/LaunchScreen.storyboard; sourceTree = "<group>"; };
		9965BDAA2A07535B005D3BCF /* Info.plist */ = {isa = PBXFileReference; lastKnownFileType = text.plist.xml; path = Info.plist; sourceTree = "<group>"; };
		9965BDAF2A07535B005D3BCF /* memodefTests.xctest */ = {isa = PBXFileReference; explicitFileType = wrapper.cfbundle; includeInIndex = 0; path = memodefTests.xctest; sourceTree = BUILT_PRODUCTS_DIR; };
		9965BDB32A07535B005D3BCF /* memodefTests.swift */ = {isa = PBXFileReference; lastKnownFileType = sourcecode.swift; path = memodefTests.swift; sourceTree = "<group>"; };
		9965BDB92A07535B005D3BCF /* memodefUITests.xctest */ = {isa = PBXFileReference; explicitFileType = wrapper.cfbundle; includeInIndex = 0; path = memodefUITests.xctest; sourceTree = BUILT_PRODUCTS_DIR; };
		9965BDBD2A07535B005D3BCF /* memodefUITests.swift */ = {isa = PBXFileReference; lastKnownFileType = sourcecode.swift; path = memodefUITests.swift; sourceTree = "<group>"; };
		9965BDBF2A07535B005D3BCF /* memodefUITestsLaunchTests.swift */ = {isa = PBXFileReference; lastKnownFileType = sourcecode.swift; path = memodefUITestsLaunchTests.swift; sourceTree = "<group>"; };
		9965BDCC2A0756F7005D3BCF /* HomeViewController.swift */ = {isa = PBXFileReference; lastKnownFileType = sourcecode.swift; path = HomeViewController.swift; sourceTree = "<group>"; };
		9965BDCD2A0756F7005D3BCF /* HomeViewController.xib */ = {isa = PBXFileReference; lastKnownFileType = file.xib; path = HomeViewController.xib; sourceTree = "<group>"; };
		9965BDD02A07576B005D3BCF /* HomeTableViewCell.swift */ = {isa = PBXFileReference; lastKnownFileType = sourcecode.swift; path = HomeTableViewCell.swift; sourceTree = "<group>"; };
		9965BDD12A07576B005D3BCF /* HomeTableViewCell.xib */ = {isa = PBXFileReference; lastKnownFileType = file.xib; path = HomeTableViewCell.xib; sourceTree = "<group>"; };
		9965BDD42A07801F005D3BCF /* SearchViewController.swift */ = {isa = PBXFileReference; lastKnownFileType = sourcecode.swift; path = SearchViewController.swift; sourceTree = "<group>"; };
		9965BDD52A07801F005D3BCF /* SearchViewController.xib */ = {isa = PBXFileReference; lastKnownFileType = file.xib; path = SearchViewController.xib; sourceTree = "<group>"; };
		9965BDDC2A078095005D3BCF /* SearchCollectionViewCell.swift */ = {isa = PBXFileReference; lastKnownFileType = sourcecode.swift; path = SearchCollectionViewCell.swift; sourceTree = "<group>"; };
		9965BDDD2A078095005D3BCF /* SearchCollectionViewCell.xib */ = {isa = PBXFileReference; lastKnownFileType = file.xib; path = SearchCollectionViewCell.xib; sourceTree = "<group>"; };
		9965BDE02A07986A005D3BCF /* ConditionViewController.swift */ = {isa = PBXFileReference; lastKnownFileType = sourcecode.swift; path = ConditionViewController.swift; sourceTree = "<group>"; };
		9965BDE12A07986A005D3BCF /* ConditionViewController.xib */ = {isa = PBXFileReference; lastKnownFileType = file.xib; path = ConditionViewController.xib; sourceTree = "<group>"; };
/* End PBXFileReference section */

/* Begin PBXFrameworksBuildPhase section */
		9965BD962A075355005D3BCF /* Frameworks */ = {
			isa = PBXFrameworksBuildPhase;
			buildActionMask = 2147483647;
			files = (
				993F7C472A10A01900FE8045 /* SQLite in Frameworks */,
			);
			runOnlyForDeploymentPostprocessing = 0;
		};
		9965BDAC2A07535B005D3BCF /* Frameworks */ = {
			isa = PBXFrameworksBuildPhase;
			buildActionMask = 2147483647;
			files = (
			);
			runOnlyForDeploymentPostprocessing = 0;
		};
		9965BDB62A07535B005D3BCF /* Frameworks */ = {
			isa = PBXFrameworksBuildPhase;
			buildActionMask = 2147483647;
			files = (
			);
			runOnlyForDeploymentPostprocessing = 0;
		};
/* End PBXFrameworksBuildPhase section */

/* Begin PBXGroup section */
		9965BD902A075355005D3BCF = {
			isa = PBXGroup;
			children = (
				9965BD9B2A075355005D3BCF /* memodef */,
				9965BDB22A07535B005D3BCF /* memodefTests */,
				9965BDBC2A07535B005D3BCF /* memodefUITests */,
				9965BD9A2A075355005D3BCF /* Products */,
			);
			sourceTree = "<group>";
		};
		9965BD9A2A075355005D3BCF /* Products */ = {
			isa = PBXGroup;
			children = (
				9965BD992A075355005D3BCF /* memodef.app */,
				9965BDAF2A07535B005D3BCF /* memodefTests.xctest */,
				9965BDB92A07535B005D3BCF /* memodefUITests.xctest */,
			);
			name = Products;
			sourceTree = "<group>";
		};
		9965BD9B2A075355005D3BCF /* memodef */ = {
			isa = PBXGroup;
			children = (
				9965BD9C2A075355005D3BCF /* AppDelegate.swift */,
				9965BD9E2A075355005D3BCF /* SceneDelegate.swift */,
				9965BDA02A075355005D3BCF /* ViewController.swift */,
				9965BDA22A075355005D3BCF /* Main.storyboard */,
				9965BDA52A07535B005D3BCF /* Assets.xcassets */,
				9965BDA72A07535B005D3BCF /* LaunchScreen.storyboard */,
				9965BDAA2A07535B005D3BCF /* Info.plist */,
				9965BDCC2A0756F7005D3BCF /* HomeViewController.swift */,
				9965BDCD2A0756F7005D3BCF /* HomeViewController.xib */,
				9965BDD02A07576B005D3BCF /* HomeTableViewCell.swift */,
				9965BDD12A07576B005D3BCF /* HomeTableViewCell.xib */,
				9965BDD42A07801F005D3BCF /* SearchViewController.swift */,
				9965BDD52A07801F005D3BCF /* SearchViewController.xib */,
				9965BDDC2A078095005D3BCF /* SearchCollectionViewCell.swift */,
				9965BDDD2A078095005D3BCF /* SearchCollectionViewCell.xib */,
				9965BDE02A07986A005D3BCF /* ConditionViewController.swift */,
				9965BDE12A07986A005D3BCF /* ConditionViewController.xib */,
				995454AC2A0D202300210C0B /* CreateViewController.swift */,
				995454AD2A0D202300210C0B /* CreateViewController.xib */,
				993F7C482A10B10900FE8045 /* Database.swift */,
			);
			path = memodef;
			sourceTree = "<group>";
		};
		9965BDB22A07535B005D3BCF /* memodefTests */ = {
			isa = PBXGroup;
			children = (
				9965BDB32A07535B005D3BCF /* memodefTests.swift */,
			);
			path = memodefTests;
			sourceTree = "<group>";
		};
		9965BDBC2A07535B005D3BCF /* memodefUITests */ = {
			isa = PBXGroup;
			children = (
				9965BDBD2A07535B005D3BCF /* memodefUITests.swift */,
				9965BDBF2A07535B005D3BCF /* memodefUITestsLaunchTests.swift */,
			);
			path = memodefUITests;
			sourceTree = "<group>";
		};
/* End PBXGroup section */

/* Begin PBXNativeTarget section */
		9965BD982A075355005D3BCF /* memodef */ = {
			isa = PBXNativeTarget;
			buildConfigurationList = 9965BDC32A07535B005D3BCF /* Build configuration list for PBXNativeTarget "memodef" */;
			buildPhases = (
				9965BD952A075355005D3BCF /* Sources */,
				9965BD962A075355005D3BCF /* Frameworks */,
				9965BD972A075355005D3BCF /* Resources */,
			);
			buildRules = (
			);
			dependencies = (
			);
			name = memodef;
			packageProductDependencies = (
				993F7C462A10A01900FE8045 /* SQLite */,
			);
			productName = memodef;
			productReference = 9965BD992A075355005D3BCF /* memodef.app */;
			productType = "com.apple.product-type.application";
		};
		9965BDAE2A07535B005D3BCF /* memodefTests */ = {
			isa = PBXNativeTarget;
			buildConfigurationList = 9965BDC62A07535B005D3BCF /* Build configuration list for PBXNativeTarget "memodefTests" */;
			buildPhases = (
				9965BDAB2A07535B005D3BCF /* Sources */,
				9965BDAC2A07535B005D3BCF /* Frameworks */,
				9965BDAD2A07535B005D3BCF /* Resources */,
			);
			buildRules = (
			);
			dependencies = (
				9965BDB12A07535B005D3BCF /* PBXTargetDependency */,
			);
			name = memodefTests;
			productName = memodefTests;
			productReference = 9965BDAF2A07535B005D3BCF /* memodefTests.xctest */;
			productType = "com.apple.product-type.bundle.unit-test";
		};
		9965BDB82A07535B005D3BCF /* memodefUITests */ = {
			isa = PBXNativeTarget;
			buildConfigurationList = 9965BDC92A07535B005D3BCF /* Build configuration list for PBXNativeTarget "memodefUITests" */;
			buildPhases = (
				9965BDB52A07535B005D3BCF /* Sources */,
				9965BDB62A07535B005D3BCF /* Frameworks */,
				9965BDB72A07535B005D3BCF /* Resources */,
			);
			buildRules = (
			);
			dependencies = (
				9965BDBB2A07535B005D3BCF /* PBXTargetDependency */,
			);
			name = memodefUITests;
			productName = memodefUITests;
			productReference = 9965BDB92A07535B005D3BCF /* memodefUITests.xctest */;
			productType = "com.apple.product-type.bundle.ui-testing";
		};
/* End PBXNativeTarget section */

/* Begin PBXProject section */
		9965BD912A075355005D3BCF /* Project object */ = {
			isa = PBXProject;
			attributes = {
				BuildIndependentTargetsInParallel = 1;
				LastSwiftUpdateCheck = 1420;
				LastUpgradeCheck = 1420;
				TargetAttributes = {
					9965BD982A075355005D3BCF = {
						CreatedOnToolsVersion = 14.2;
					};
					9965BDAE2A07535B005D3BCF = {
						CreatedOnToolsVersion = 14.2;
						TestTargetID = 9965BD982A075355005D3BCF;
					};
					9965BDB82A07535B005D3BCF = {
						CreatedOnToolsVersion = 14.2;
						TestTargetID = 9965BD982A075355005D3BCF;
					};
				};
			};
			buildConfigurationList = 9965BD942A075355005D3BCF /* Build configuration list for PBXProject "memodef" */;
			compatibilityVersion = "Xcode 14.0";
			developmentRegion = en;
			hasScannedForEncodings = 0;
			knownRegions = (
				en,
				Base,
			);
			mainGroup = 9965BD902A075355005D3BCF;
			packageReferences = (
				993F7C452A10A01900FE8045 /* XCRemoteSwiftPackageReference "SQLite.swift" */,
			);
			productRefGroup = 9965BD9A2A075355005D3BCF /* Products */;
			projectDirPath = "";
			projectRoot = "";
			targets = (
				9965BD982A075355005D3BCF /* memodef */,
				9965BDAE2A07535B005D3BCF /* memodefTests */,
				9965BDB82A07535B005D3BCF /* memodefUITests */,
			);
		};
/* End PBXProject section */

/* Begin PBXResourcesBuildPhase section */
		9965BD972A075355005D3BCF /* Resources */ = {
			isa = PBXResourcesBuildPhase;
			buildActionMask = 2147483647;
			files = (
				9965BDDF2A078095005D3BCF /* SearchCollectionViewCell.xib in Resources */,
				9965BDA92A07535B005D3BCF /* LaunchScreen.storyboard in Resources */,
				9965BDE32A07986A005D3BCF /* ConditionViewController.xib in Resources */,
				9965BDA62A07535B005D3BCF /* Assets.xcassets in Resources */,
				9965BDD72A07801F005D3BCF /* SearchViewController.xib in Resources */,
				995454AF2A0D202300210C0B /* CreateViewController.xib in Resources */,
				9965BDA42A075355005D3BCF /* Main.storyboard in Resources */,
				9965BDD32A07576B005D3BCF /* HomeTableViewCell.xib in Resources */,
				9965BDCF2A0756F7005D3BCF /* HomeViewController.xib in Resources */,
			);
			runOnlyForDeploymentPostprocessing = 0;
		};
		9965BDAD2A07535B005D3BCF /* Resources */ = {
			isa = PBXResourcesBuildPhase;
			buildActionMask = 2147483647;
			files = (
			);
			runOnlyForDeploymentPostprocessing = 0;
		};
		9965BDB72A07535B005D3BCF /* Resources */ = {
			isa = PBXResourcesBuildPhase;
			buildActionMask = 2147483647;
			files = (
			);
			runOnlyForDeploymentPostprocessing = 0;
		};
/* End PBXResourcesBuildPhase section */

/* Begin PBXSourcesBuildPhase section */
		9965BD952A075355005D3BCF /* Sources */ = {
			isa = PBXSourcesBuildPhase;
			buildActionMask = 2147483647;
			files = (
				9965BDD62A07801F005D3BCF /* SearchViewController.swift in Sources */,
				9965BDA12A075355005D3BCF /* ViewController.swift in Sources */,
				995454AE2A0D202300210C0B /* CreateViewController.swift in Sources */,
				9965BDD22A07576B005D3BCF /* HomeTableViewCell.swift in Sources */,
				9965BD9D2A075355005D3BCF /* AppDelegate.swift in Sources */,
				9965BD9F2A075355005D3BCF /* SceneDelegate.swift in Sources */,
				9965BDDE2A078095005D3BCF /* SearchCollectionViewCell.swift in Sources */,
				9965BDE22A07986A005D3BCF /* ConditionViewController.swift in Sources */,
				993F7C492A10B10A00FE8045 /* Database.swift in Sources */,
				9965BDCE2A0756F7005D3BCF /* HomeViewController.swift in Sources */,
			);
			runOnlyForDeploymentPostprocessing = 0;
		};
		9965BDAB2A07535B005D3BCF /* Sources */ = {
			isa = PBXSourcesBuildPhase;
			buildActionMask = 2147483647;
			files = (
				9965BDB42A07535B005D3BCF /* memodefTests.swift in Sources */,
			);
			runOnlyForDeploymentPostprocessing = 0;
		};
		9965BDB52A07535B005D3BCF /* Sources */ = {
			isa = PBXSourcesBuildPhase;
			buildActionMask = 2147483647;
			files = (
				9965BDC02A07535B005D3BCF /* memodefUITestsLaunchTests.swift in Sources */,
				9965BDBE2A07535B005D3BCF /* memodefUITests.swift in Sources */,
			);
			runOnlyForDeploymentPostprocessing = 0;
		};
/* End PBXSourcesBuildPhase section */

/* Begin PBXTargetDependency section */
		9965BDB12A07535B005D3BCF /* PBXTargetDependency */ = {
			isa = PBXTargetDependency;
			target = 9965BD982A075355005D3BCF /* memodef */;
			targetProxy = 9965BDB02A07535B005D3BCF /* PBXContainerItemProxy */;
		};
		9965BDBB2A07535B005D3BCF /* PBXTargetDependency */ = {
			isa = PBXTargetDependency;
			target = 9965BD982A075355005D3BCF /* memodef */;
			targetProxy = 9965BDBA2A07535B005D3BCF /* PBXContainerItemProxy */;
		};
/* End PBXTargetDependency section */

/* Begin PBXVariantGroup section */
		9965BDA22A075355005D3BCF /* Main.storyboard */ = {
			isa = PBXVariantGroup;
			children = (
				9965BDA32A075355005D3BCF /* Base */,
			);
			name = Main.storyboard;
			sourceTree = "<group>";
		};
		9965BDA72A07535B005D3BCF /* LaunchScreen.storyboard */ = {
			isa = PBXVariantGroup;
			children = (
				9965BDA82A07535B005D3BCF /* Base */,
			);
			name = LaunchScreen.storyboard;
			sourceTree = "<group>";
		};
/* End PBXVariantGroup section */

/* Begin XCBuildConfiguration section */
		9965BDC12A07535B005D3BCF /* Debug */ = {
			isa = XCBuildConfiguration;
			buildSettings = {
				ALWAYS_SEARCH_USER_PATHS = NO;
				CLANG_ANALYZER_NONNULL = YES;
				CLANG_ANALYZER_NUMBER_OBJECT_CONVERSION = YES_AGGRESSIVE;
				CLANG_CXX_LANGUAGE_STANDARD = "gnu++20";
				CLANG_ENABLE_MODULES = YES;
				CLANG_ENABLE_OBJC_ARC = YES;
				CLANG_ENABLE_OBJC_WEAK = YES;
				CLANG_WARN_BLOCK_CAPTURE_AUTORELEASING = YES;
				CLANG_WARN_BOOL_CONVERSION = YES;
				CLANG_WARN_COMMA = YES;
				CLANG_WARN_CONSTANT_CONVERSION = YES;
				CLANG_WARN_DEPRECATED_OBJC_IMPLEMENTATIONS = YES;
				CLANG_WARN_DIRECT_OBJC_ISA_USAGE = YES_ERROR;
				CLANG_WARN_DOCUMENTATION_COMMENTS = YES;
				CLANG_WARN_EMPTY_BODY = YES;
				CLANG_WARN_ENUM_CONVERSION = YES;
				CLANG_WARN_INFINITE_RECURSION = YES;
				CLANG_WARN_INT_CONVERSION = YES;
				CLANG_WARN_NON_LITERAL_NULL_CONVERSION = YES;
				CLANG_WARN_OBJC_IMPLICIT_RETAIN_SELF = YES;
				CLANG_WARN_OBJC_LITERAL_CONVERSION = YES;
				CLANG_WARN_OBJC_ROOT_CLASS = YES_ERROR;
				CLANG_WARN_QUOTED_INCLUDE_IN_FRAMEWORK_HEADER = YES;
				CLANG_WARN_RANGE_LOOP_ANALYSIS = YES;
				CLANG_WARN_STRICT_PROTOTYPES = YES;
				CLANG_WARN_SUSPICIOUS_MOVE = YES;
				CLANG_WARN_UNGUARDED_AVAILABILITY = YES_AGGRESSIVE;
				CLANG_WARN_UNREACHABLE_CODE = YES;
				CLANG_WARN__DUPLICATE_METHOD_MATCH = YES;
				COPY_PHASE_STRIP = NO;
				DEBUG_INFORMATION_FORMAT = dwarf;
				ENABLE_STRICT_OBJC_MSGSEND = YES;
				ENABLE_TESTABILITY = YES;
				GCC_C_LANGUAGE_STANDARD = gnu11;
				GCC_DYNAMIC_NO_PIC = NO;
				GCC_NO_COMMON_BLOCKS = YES;
				GCC_OPTIMIZATION_LEVEL = 0;
				GCC_PREPROCESSOR_DEFINITIONS = (
					"DEBUG=1",
					"$(inherited)",
				);
				GCC_WARN_64_TO_32_BIT_CONVERSION = YES;
				GCC_WARN_ABOUT_RETURN_TYPE = YES_ERROR;
				GCC_WARN_UNDECLARED_SELECTOR = YES;
				GCC_WARN_UNINITIALIZED_AUTOS = YES_AGGRESSIVE;
				GCC_WARN_UNUSED_FUNCTION = YES;
				GCC_WARN_UNUSED_VARIABLE = YES;
				IPHONEOS_DEPLOYMENT_TARGET = 16.2;
				MTL_ENABLE_DEBUG_INFO = INCLUDE_SOURCE;
				MTL_FAST_MATH = YES;
				ONLY_ACTIVE_ARCH = YES;
				SDKROOT = iphoneos;
				SWIFT_ACTIVE_COMPILATION_CONDITIONS = DEBUG;
				SWIFT_OPTIMIZATION_LEVEL = "-Onone";
			};
			name = Debug;
		};
		9965BDC22A07535B005D3BCF /* Release */ = {
			isa = XCBuildConfiguration;
			buildSettings = {
				ALWAYS_SEARCH_USER_PATHS = NO;
				CLANG_ANALYZER_NONNULL = YES;
				CLANG_ANALYZER_NUMBER_OBJECT_CONVERSION = YES_AGGRESSIVE;
				CLANG_CXX_LANGUAGE_STANDARD = "gnu++20";
				CLANG_ENABLE_MODULES = YES;
				CLANG_ENABLE_OBJC_ARC = YES;
				CLANG_ENABLE_OBJC_WEAK = YES;
				CLANG_WARN_BLOCK_CAPTURE_AUTORELEASING = YES;
				CLANG_WARN_BOOL_CONVERSION = YES;
				CLANG_WARN_COMMA = YES;
				CLANG_WARN_CONSTANT_CONVERSION = YES;
				CLANG_WARN_DEPRECATED_OBJC_IMPLEMENTATIONS = YES;
				CLANG_WARN_DIRECT_OBJC_ISA_USAGE = YES_ERROR;
				CLANG_WARN_DOCUMENTATION_COMMENTS = YES;
				CLANG_WARN_EMPTY_BODY = YES;
				CLANG_WARN_ENUM_CONVERSION = YES;
				CLANG_WARN_INFINITE_RECURSION = YES;
				CLANG_WARN_INT_CONVERSION = YES;
				CLANG_WARN_NON_LITERAL_NULL_CONVERSION = YES;
				CLANG_WARN_OBJC_IMPLICIT_RETAIN_SELF = YES;
				CLANG_WARN_OBJC_LITERAL_CONVERSION = YES;
				CLANG_WARN_OBJC_ROOT_CLASS = YES_ERROR;
				CLANG_WARN_QUOTED_INCLUDE_IN_FRAMEWORK_HEADER = YES;
				CLANG_WARN_RANGE_LOOP_ANALYSIS = YES;
				CLANG_WARN_STRICT_PROTOTYPES = YES;
				CLANG_WARN_SUSPICIOUS_MOVE = YES;
				CLANG_WARN_UNGUARDED_AVAILABILITY = YES_AGGRESSIVE;
				CLANG_WARN_UNREACHABLE_CODE = YES;
				CLANG_WARN__DUPLICATE_METHOD_MATCH = YES;
				COPY_PHASE_STRIP = NO;
				DEBUG_INFORMATION_FORMAT = "dwarf-with-dsym";
				ENABLE_NS_ASSERTIONS = NO;
				ENABLE_STRICT_OBJC_MSGSEND = YES;
				GCC_C_LANGUAGE_STANDARD = gnu11;
				GCC_NO_COMMON_BLOCKS = YES;
				GCC_WARN_64_TO_32_BIT_CONVERSION = YES;
				GCC_WARN_ABOUT_RETURN_TYPE = YES_ERROR;
				GCC_WARN_UNDECLARED_SELECTOR = YES;
				GCC_WARN_UNINITIALIZED_AUTOS = YES_AGGRESSIVE;
				GCC_WARN_UNUSED_FUNCTION = YES;
				GCC_WARN_UNUSED_VARIABLE = YES;
				IPHONEOS_DEPLOYMENT_TARGET = 16.2;
				MTL_ENABLE_DEBUG_INFO = NO;
				MTL_FAST_MATH = YES;
				SDKROOT = iphoneos;
				SWIFT_COMPILATION_MODE = wholemodule;
				SWIFT_OPTIMIZATION_LEVEL = "-O";
				VALIDATE_PRODUCT = YES;
			};
			name = Release;
		};
		9965BDC42A07535B005D3BCF /* Debug */ = {
			isa = XCBuildConfiguration;
			buildSettings = {
				ASSETCATALOG_COMPILER_APPICON_NAME = AppIcon;
				ASSETCATALOG_COMPILER_GLOBAL_ACCENT_COLOR_NAME = AccentColor;
				CODE_SIGN_STYLE = Automatic;
				CURRENT_PROJECT_VERSION = 1;
				GENERATE_INFOPLIST_FILE = YES;
				INFOPLIST_FILE = memodef/Info.plist;
				INFOPLIST_KEY_UIApplicationSupportsIndirectInputEvents = YES;
				INFOPLIST_KEY_UILaunchStoryboardName = LaunchScreen;
				INFOPLIST_KEY_UIMainStoryboardFile = Main;
				INFOPLIST_KEY_UISupportedInterfaceOrientations_iPad = "UIInterfaceOrientationPortrait UIInterfaceOrientationPortraitUpsideDown UIInterfaceOrientationLandscapeLeft UIInterfaceOrientationLandscapeRight";
				INFOPLIST_KEY_UISupportedInterfaceOrientations_iPhone = "UIInterfaceOrientationPortrait UIInterfaceOrientationLandscapeLeft UIInterfaceOrientationLandscapeRight";
				LD_RUNPATH_SEARCH_PATHS = (
					"$(inherited)",
					"@executable_path/Frameworks",
				);
				MARKETING_VERSION = 1.0;
				PRODUCT_BUNDLE_IDENTIFIER = com.takutoono.memodef;
				PRODUCT_NAME = "$(TARGET_NAME)";
				SWIFT_EMIT_LOC_STRINGS = YES;
				SWIFT_VERSION = 5.0;
				TARGETED_DEVICE_FAMILY = "1,2";
			};
			name = Debug;
		};
		9965BDC52A07535B005D3BCF /* Release */ = {
			isa = XCBuildConfiguration;
			buildSettings = {
				ASSETCATALOG_COMPILER_APPICON_NAME = AppIcon;
				ASSETCATALOG_COMPILER_GLOBAL_ACCENT_COLOR_NAME = AccentColor;
				CODE_SIGN_STYLE = Automatic;
				CURRENT_PROJECT_VERSION = 1;
				GENERATE_INFOPLIST_FILE = YES;
				INFOPLIST_FILE = memodef/Info.plist;
				INFOPLIST_KEY_UIApplicationSupportsIndirectInputEvents = YES;
				INFOPLIST_KEY_UILaunchStoryboardName = LaunchScreen;
				INFOPLIST_KEY_UIMainStoryboardFile = Main;
				INFOPLIST_KEY_UISupportedInterfaceOrientations_iPad = "UIInterfaceOrientationPortrait UIInterfaceOrientationPortraitUpsideDown UIInterfaceOrientationLandscapeLeft UIInterfaceOrientationLandscapeRight";
				INFOPLIST_KEY_UISupportedInterfaceOrientations_iPhone = "UIInterfaceOrientationPortrait UIInterfaceOrientationLandscapeLeft UIInterfaceOrientationLandscapeRight";
				LD_RUNPATH_SEARCH_PATHS = (
					"$(inherited)",
					"@executable_path/Frameworks",
				);
				MARKETING_VERSION = 1.0;
				PRODUCT_BUNDLE_IDENTIFIER = com.takutoono.memodef;
				PRODUCT_NAME = "$(TARGET_NAME)";
				SWIFT_EMIT_LOC_STRINGS = YES;
				SWIFT_VERSION = 5.0;
				TARGETED_DEVICE_FAMILY = "1,2";
			};
			name = Release;
		};
		9965BDC72A07535B005D3BCF /* Debug */ = {
			isa = XCBuildConfiguration;
			buildSettings = {
				ALWAYS_EMBED_SWIFT_STANDARD_LIBRARIES = YES;
				BUNDLE_LOADER = "$(TEST_HOST)";
				CODE_SIGN_STYLE = Automatic;
				CURRENT_PROJECT_VERSION = 1;
				GENERATE_INFOPLIST_FILE = YES;
				IPHONEOS_DEPLOYMENT_TARGET = 16.2;
				MARKETING_VERSION = 1.0;
				PRODUCT_BUNDLE_IDENTIFIER = com.takutoono.memodefTests;
				PRODUCT_NAME = "$(TARGET_NAME)";
				SWIFT_EMIT_LOC_STRINGS = NO;
				SWIFT_VERSION = 5.0;
				TARGETED_DEVICE_FAMILY = "1,2";
				TEST_HOST = "$(BUILT_PRODUCTS_DIR)/memodef.app/$(BUNDLE_EXECUTABLE_FOLDER_PATH)/memodef";
			};
			name = Debug;
		};
		9965BDC82A07535B005D3BCF /* Release */ = {
			isa = XCBuildConfiguration;
			buildSettings = {
				ALWAYS_EMBED_SWIFT_STANDARD_LIBRARIES = YES;
				BUNDLE_LOADER = "$(TEST_HOST)";
				CODE_SIGN_STYLE = Automatic;
				CURRENT_PROJECT_VERSION = 1;
				GENERATE_INFOPLIST_FILE = YES;
				IPHONEOS_DEPLOYMENT_TARGET = 16.2;
				MARKETING_VERSION = 1.0;
				PRODUCT_BUNDLE_IDENTIFIER = com.takutoono.memodefTests;
				PRODUCT_NAME = "$(TARGET_NAME)";
				SWIFT_EMIT_LOC_STRINGS = NO;
				SWIFT_VERSION = 5.0;
				TARGETED_DEVICE_FAMILY = "1,2";
				TEST_HOST = "$(BUILT_PRODUCTS_DIR)/memodef.app/$(BUNDLE_EXECUTABLE_FOLDER_PATH)/memodef";
			};
			name = Release;
		};
		9965BDCA2A07535B005D3BCF /* Debug */ = {
			isa = XCBuildConfiguration;
			buildSettings = {
				ALWAYS_EMBED_SWIFT_STANDARD_LIBRARIES = YES;
				CODE_SIGN_STYLE = Automatic;
				CURRENT_PROJECT_VERSION = 1;
				GENERATE_INFOPLIST_FILE = YES;
				MARKETING_VERSION = 1.0;
				PRODUCT_BUNDLE_IDENTIFIER = com.takutoono.memodefUITests;
				PRODUCT_NAME = "$(TARGET_NAME)";
				SWIFT_EMIT_LOC_STRINGS = NO;
				SWIFT_VERSION = 5.0;
				TARGETED_DEVICE_FAMILY = "1,2";
				TEST_TARGET_NAME = memodef;
			};
			name = Debug;
		};
		9965BDCB2A07535B005D3BCF /* Release */ = {
			isa = XCBuildConfiguration;
			buildSettings = {
				ALWAYS_EMBED_SWIFT_STANDARD_LIBRARIES = YES;
				CODE_SIGN_STYLE = Automatic;
				CURRENT_PROJECT_VERSION = 1;
				GENERATE_INFOPLIST_FILE = YES;
				MARKETING_VERSION = 1.0;
				PRODUCT_BUNDLE_IDENTIFIER = com.takutoono.memodefUITests;
				PRODUCT_NAME = "$(TARGET_NAME)";
				SWIFT_EMIT_LOC_STRINGS = NO;
				SWIFT_VERSION = 5.0;
				TARGETED_DEVICE_FAMILY = "1,2";
				TEST_TARGET_NAME = memodef;
			};
			name = Release;
		};
/* End XCBuildConfiguration section */

/* Begin XCConfigurationList section */
		9965BD942A075355005D3BCF /* Build configuration list for PBXProject "memodef" */ = {
			isa = XCConfigurationList;
			buildConfigurations = (
				9965BDC12A07535B005D3BCF /* Debug */,
				9965BDC22A07535B005D3BCF /* Release */,
			);
			defaultConfigurationIsVisible = 0;
			defaultConfigurationName = Release;
		};
		9965BDC32A07535B005D3BCF /* Build configuration list for PBXNativeTarget "memodef" */ = {
			isa = XCConfigurationList;
			buildConfigurations = (
				9965BDC42A07535B005D3BCF /* Debug */,
				9965BDC52A07535B005D3BCF /* Release */,
			);
			defaultConfigurationIsVisible = 0;
			defaultConfigurationName = Release;
		};
		9965BDC62A07535B005D3BCF /* Build configuration list for PBXNativeTarget "memodefTests" */ = {
			isa = XCConfigurationList;
			buildConfigurations = (
				9965BDC72A07535B005D3BCF /* Debug */,
				9965BDC82A07535B005D3BCF /* Release */,
			);
			defaultConfigurationIsVisible = 0;
			defaultConfigurationName = Release;
		};
		9965BDC92A07535B005D3BCF /* Build configuration list for PBXNativeTarget "memodefUITests" */ = {
			isa = XCConfigurationList;
			buildConfigurations = (
				9965BDCA2A07535B005D3BCF /* Debug */,
				9965BDCB2A07535B005D3BCF /* Release */,
			);
			defaultConfigurationIsVisible = 0;
			defaultConfigurationName = Release;
		};
/* End XCConfigurationList section */

/* Begin XCRemoteSwiftPackageReference section */
		993F7C452A10A01900FE8045 /* XCRemoteSwiftPackageReference "SQLite.swift" */ = {
			isa = XCRemoteSwiftPackageReference;
			repositoryURL = "https://github.com/stephencelis/SQLite.swift.git";
			requirement = {
				kind = upToNextMajorVersion;
				minimumVersion = 0.9.2;
			};
		};
/* End XCRemoteSwiftPackageReference section */

/* Begin XCSwiftPackageProductDependency section */
		993F7C462A10A01900FE8045 /* SQLite */ = {
			isa = XCSwiftPackageProductDependency;
			package = 993F7C452A10A01900FE8045 /* XCRemoteSwiftPackageReference "SQLite.swift" */;
			productName = SQLite;
		};
/* End XCSwiftPackageProductDependency section */
	};
	rootObject = 9965BD912A075355005D3BCF /* Project object */;
}
